// !$*UTF8*$!
{
	archiveVersion = 1;
	classes = {
	};
	objectVersion = 48;
	objects = {

/* Begin PBXBuildFile section */
		FF6A0E771FC46111001757A9 /* AppDelegate.swift in Sources */ = {isa = PBXBuildFile; fileRef = FF6A0E761FC46111001757A9 /* AppDelegate.swift */; };
		FF6A0E791FC46111001757A9 /* ViewController.swift in Sources */ = {isa = PBXBuildFile; fileRef = FF6A0E781FC46111001757A9 /* ViewController.swift */; };
		FF6A0E7C1FC46111001757A9 /* Main.storyboard in Resources */ = {isa = PBXBuildFile; fileRef = FF6A0E7A1FC46111001757A9 /* Main.storyboard */; };
		FF6A0E7E1FC46111001757A9 /* Assets.xcassets in Resources */ = {isa = PBXBuildFile; fileRef = FF6A0E7D1FC46111001757A9 /* Assets.xcassets */; };
		FF6A0E811FC46111001757A9 /* LaunchScreen.storyboard in Resources */ = {isa = PBXBuildFile; fileRef = FF6A0E7F1FC46111001757A9 /* LaunchScreen.storyboard */; };
		FF6A0E8C1FC46111001757A9 /* PresentationTests.swift in Sources */ = {isa = PBXBuildFile; fileRef = FF6A0E8B1FC46111001757A9 /* PresentationTests.swift */; };
		FF6A0E971FC46111001757A9 /* PresentationUITests.swift in Sources */ = {isa = PBXBuildFile; fileRef = FF6A0E961FC46111001757A9 /* PresentationUITests.swift */; };
/* End PBXBuildFile section */

/* Begin PBXContainerItemProxy section */
		FF6A0E881FC46111001757A9 /* PBXContainerItemProxy */ = {
			isa = PBXContainerItemProxy;
			containerPortal = FF6A0E6B1FC46111001757A9 /* Project object */;
			proxyType = 1;
			remoteGlobalIDString = FF6A0E721FC46111001757A9;
			remoteInfo = Presentation;
		};
		FF6A0E931FC46111001757A9 /* PBXContainerItemProxy */ = {
			isa = PBXContainerItemProxy;
			containerPortal = FF6A0E6B1FC46111001757A9 /* Project object */;
			proxyType = 1;
			remoteGlobalIDString = FF6A0E721FC46111001757A9;
			remoteInfo = Presentation;
		};
/* End PBXContainerItemProxy section */

/* Begin PBXFileReference section */
		FF6A0E731FC46111001757A9 /* Presentation.app */ = {isa = PBXFileReference; explicitFileType = wrapper.application; includeInIndex = 0; path = Presentation.app; sourceTree = BUILT_PRODUCTS_DIR; };
		FF6A0E761FC46111001757A9 /* AppDelegate.swift */ = {isa = PBXFileReference; lastKnownFileType = sourcecode.swift; path = AppDelegate.swift; sourceTree = "<group>"; };
		FF6A0E781FC46111001757A9 /* ViewController.swift */ = {isa = PBXFileReference; lastKnownFileType = sourcecode.swift; path = ViewController.swift; sourceTree = "<group>"; };
		FF6A0E7B1FC46111001757A9 /* Base */ = {isa = PBXFileReference; lastKnownFileType = file.storyboard; name = Base; path = Base.lproj/Main.storyboard; sourceTree = "<group>"; };
		FF6A0E7D1FC46111001757A9 /* Assets.xcassets */ = {isa = PBXFileReference; lastKnownFileType = folder.assetcatalog; path = Assets.xcassets; sourceTree = "<group>"; };
		FF6A0E801FC46111001757A9 /* Base */ = {isa = PBXFileReference; lastKnownFileType = file.storyboard; name = Base; path = Base.lproj/LaunchScreen.storyboard; sourceTree = "<group>"; };
		FF6A0E821FC46111001757A9 /* Info.plist */ = {isa = PBXFileReference; lastKnownFileType = text.plist.xml; path = Info.plist; sourceTree = "<group>"; };
		FF6A0E871FC46111001757A9 /* PresentationTests.xctest */ = {isa = PBXFileReference; explicitFileType = wrapper.cfbundle; includeInIndex = 0; path = PresentationTests.xctest; sourceTree = BUILT_PRODUCTS_DIR; };
		FF6A0E8B1FC46111001757A9 /* PresentationTests.swift */ = {isa = PBXFileReference; lastKnownFileType = sourcecode.swift; path = PresentationTests.swift; sourceTree = "<group>"; };
		FF6A0E8D1FC46111001757A9 /* Info.plist */ = {isa = PBXFileReference; lastKnownFileType = text.plist.xml; path = Info.plist; sourceTree = "<group>"; };
		FF6A0E921FC46111001757A9 /* PresentationUITests.xctest */ = {isa = PBXFileReference; explicitFileType = wrapper.cfbundle; includeInIndex = 0; path = PresentationUITests.xctest; sourceTree = BUILT_PRODUCTS_DIR; };
		FF6A0E961FC46111001757A9 /* PresentationUITests.swift */ = {isa = PBXFileReference; lastKnownFileType = sourcecode.swift; path = PresentationUITests.swift; sourceTree = "<group>"; };
		FF6A0E981FC46111001757A9 /* Info.plist */ = {isa = PBXFileReference; lastKnownFileType = text.plist.xml; path = Info.plist; sourceTree = "<group>"; };
/* End PBXFileReference section */

/* Begin PBXFrameworksBuildPhase section */
		FF6A0E701FC46111001757A9 /* Frameworks */ = {
			isa = PBXFrameworksBuildPhase;
			buildActionMask = 2147483647;
			files = (
			);
			runOnlyForDeploymentPostprocessing = 0;
		};
		FF6A0E841FC46111001757A9 /* Frameworks */ = {
			isa = PBXFrameworksBuildPhase;
			buildActionMask = 2147483647;
			files = (
			);
			runOnlyForDeploymentPostprocessing = 0;
		};
		FF6A0E8F1FC46111001757A9 /* Frameworks */ = {
			isa = PBXFrameworksBuildPhase;
			buildActionMask = 2147483647;
			files = (
			);
			runOnlyForDeploymentPostprocessing = 0;
		};
/* End PBXFrameworksBuildPhase section */

/* Begin PBXGroup section */
		FF6A0E6A1FC46111001757A9 = {
			isa = PBXGroup;
			children = (
				FF6A0E751FC46111001757A9 /* Presentation */,
				FF6A0E8A1FC46111001757A9 /* PresentationTests */,
				FF6A0E951FC46111001757A9 /* PresentationUITests */,
				FF6A0E741FC46111001757A9 /* Products */,
			);
			sourceTree = "<group>";
		};
		FF6A0E741FC46111001757A9 /* Products */ = {
			isa = PBXGroup;
			children = (
				FF6A0E731FC46111001757A9 /* Presentation.app */,
				FF6A0E871FC46111001757A9 /* PresentationTests.xctest */,
				FF6A0E921FC46111001757A9 /* PresentationUITests.xctest */,
			);
			name = Products;
			sourceTree = "<group>";
		};
		FF6A0E751FC46111001757A9 /* Presentation */ = {
			isa = PBXGroup;
			children = (
				FF6A0E761FC46111001757A9 /* AppDelegate.swift */,
				FF6A0E781FC46111001757A9 /* ViewController.swift */,
				FF6A0E7A1FC46111001757A9 /* Main.storyboard */,
				FF6A0E7D1FC46111001757A9 /* Assets.xcassets */,
				FF6A0E7F1FC46111001757A9 /* LaunchScreen.storyboard */,
				FF6A0E821FC46111001757A9 /* Info.plist */,
			);
			path = Presentation;
			sourceTree = "<group>";
		};
		FF6A0E8A1FC46111001757A9 /* PresentationTests */ = {
			isa = PBXGroup;
			children = (
				FF6A0E8B1FC46111001757A9 /* PresentationTests.swift */,
				FF6A0E8D1FC46111001757A9 /* Info.plist */,
			);
			path = PresentationTests;
			sourceTree = "<group>";
		};
		FF6A0E951FC46111001757A9 /* PresentationUITests */ = {
			isa = PBXGroup;
			children = (
				FF6A0E961FC46111001757A9 /* PresentationUITests.swift */,
				FF6A0E981FC46111001757A9 /* Info.plist */,
			);
			path = PresentationUITests;
			sourceTree = "<group>";
		};
/* End PBXGroup section */

/* Begin PBXNativeTarget section */
		FF6A0E721FC46111001757A9 /* Presentation */ = {
			isa = PBXNativeTarget;
			buildConfigurationList = FF6A0E9B1FC46111001757A9 /* Build configuration list for PBXNativeTarget "Presentation" */;
			buildPhases = (
				FF6A0E6F1FC46111001757A9 /* Sources */,
				FF6A0E701FC46111001757A9 /* Frameworks */,
				FF6A0E711FC46111001757A9 /* Resources */,
			);
			buildRules = (
			);
			dependencies = (
			);
			name = Presentation;
			productName = Presentation;
			productReference = FF6A0E731FC46111001757A9 /* Presentation.app */;
			productType = "com.apple.product-type.application";
		};
		FF6A0E861FC46111001757A9 /* PresentationTests */ = {
			isa = PBXNativeTarget;
			buildConfigurationList = FF6A0E9E1FC46111001757A9 /* Build configuration list for PBXNativeTarget "PresentationTests" */;
			buildPhases = (
				FF6A0E831FC46111001757A9 /* Sources */,
				FF6A0E841FC46111001757A9 /* Frameworks */,
				FF6A0E851FC46111001757A9 /* Resources */,
			);
			buildRules = (
			);
			dependencies = (
				FF6A0E891FC46111001757A9 /* PBXTargetDependency */,
			);
			name = PresentationTests;
			productName = PresentationTests;
			productReference = FF6A0E871FC46111001757A9 /* PresentationTests.xctest */;
			productType = "com.apple.product-type.bundle.unit-test";
		};
		FF6A0E911FC46111001757A9 /* PresentationUITests */ = {
			isa = PBXNativeTarget;
			buildConfigurationList = FF6A0EA11FC46111001757A9 /* Build configuration list for PBXNativeTarget "PresentationUITests" */;
			buildPhases = (
				FF6A0E8E1FC46111001757A9 /* Sources */,
				FF6A0E8F1FC46111001757A9 /* Frameworks */,
				FF6A0E901FC46111001757A9 /* Resources */,
			);
			buildRules = (
			);
			dependencies = (
				FF6A0E941FC46111001757A9 /* PBXTargetDependency */,
			);
			name = PresentationUITests;
			productName = PresentationUITests;
			productReference = FF6A0E921FC46111001757A9 /* PresentationUITests.xctest */;
			productType = "com.apple.product-type.bundle.ui-testing";
		};
/* End PBXNativeTarget section */

/* Begin PBXProject section */
		FF6A0E6B1FC46111001757A9 /* Project object */ = {
			isa = PBXProject;
			attributes = {
				LastSwiftUpdateCheck = 0910;
				LastUpgradeCheck = 0910;
				ORGANIZATIONNAME = "Simone Garuglieri";
				TargetAttributes = {
					FF6A0E721FC46111001757A9 = {
						CreatedOnToolsVersion = 9.1;
						ProvisioningStyle = Automatic;
					};
					FF6A0E861FC46111001757A9 = {
						CreatedOnToolsVersion = 9.1;
						ProvisioningStyle = Automatic;
						TestTargetID = FF6A0E721FC46111001757A9;
					};
					FF6A0E911FC46111001757A9 = {
						CreatedOnToolsVersion = 9.1;
						ProvisioningStyle = Automatic;
						TestTargetID = FF6A0E721FC46111001757A9;
					};
				};
			};
			buildConfigurationList = FF6A0E6E1FC46111001757A9 /* Build configuration list for PBXProject "Presentation" */;
			compatibilityVersion = "Xcode 8.0";
			developmentRegion = en;
			hasScannedForEncodings = 0;
			knownRegions = (
				en,
				Base,
			);
			mainGroup = FF6A0E6A1FC46111001757A9;
			productRefGroup = FF6A0E741FC46111001757A9 /* Products */;
			projectDirPath = "";
			projectRoot = "";
			targets = (
				FF6A0E721FC46111001757A9 /* Presentation */,
				FF6A0E861FC46111001757A9 /* PresentationTests */,
				FF6A0E911FC46111001757A9 /* PresentationUITests */,
			);
		};
/* End PBXProject section */

/* Begin PBXResourcesBuildPhase section */
		FF6A0E711FC46111001757A9 /* Resources */ = {
			isa = PBXResourcesBuildPhase;
			buildActionMask = 2147483647;
			files = (
				FF6A0E811FC46111001757A9 /* LaunchScreen.storyboard in Resources */,
				FF6A0E7E1FC46111001757A9 /* Assets.xcassets in Resources */,
				FF6A0E7C1FC46111001757A9 /* Main.storyboard in Resources */,
			);
			runOnlyForDeploymentPostprocessing = 0;
		};
		FF6A0E851FC46111001757A9 /* Resources */ = {
			isa = PBXResourcesBuildPhase;
			buildActionMask = 2147483647;
			files = (
			);
			runOnlyForDeploymentPostprocessing = 0;
		};
		FF6A0E901FC46111001757A9 /* Resources */ = {
			isa = PBXResourcesBuildPhase;
			buildActionMask = 2147483647;
			files = (
			);
			runOnlyForDeploymentPostprocessing = 0;
		};
/* End PBXResourcesBuildPhase section */

/* Begin PBXSourcesBuildPhase section */
		FF6A0E6F1FC46111001757A9 /* Sources */ = {
			isa = PBXSourcesBuildPhase;
			buildActionMask = 2147483647;
			files = (
				FF6A0E791FC46111001757A9 /* ViewController.swift in Sources */,
				FF6A0E771FC46111001757A9 /* AppDelegate.swift in Sources */,
			);
			runOnlyForDeploymentPostprocessing = 0;
		};
		FF6A0E831FC46111001757A9 /* Sources */ = {
			isa = PBXSourcesBuildPhase;
			buildActionMask = 2147483647;
			files = (
				FF6A0E8C1FC46111001757A9 /* PresentationTests.swift in Sources */,
			);
			runOnlyForDeploymentPostprocessing = 0;
		};
		FF6A0E8E1FC46111001757A9 /* Sources */ = {
			isa = PBXSourcesBuildPhase;
			buildActionMask = 2147483647;
			files = (
				FF6A0E971FC46111001757A9 /* PresentationUITests.swift in Sources */,
			);
			runOnlyForDeploymentPostprocessing = 0;
		};
/* End PBXSourcesBuildPhase section */

/* Begin PBXTargetDependency section */
		FF6A0E891FC46111001757A9 /* PBXTargetDependency */ = {
			isa = PBXTargetDependency;
			target = FF6A0E721FC46111001757A9 /* Presentation */;
			targetProxy = FF6A0E881FC46111001757A9 /* PBXContainerItemProxy */;
		};
		FF6A0E941FC46111001757A9 /* PBXTargetDependency */ = {
			isa = PBXTargetDependency;
			target = FF6A0E721FC46111001757A9 /* Presentation */;
			targetProxy = FF6A0E931FC46111001757A9 /* PBXContainerItemProxy */;
		};
/* End PBXTargetDependency section */

/* Begin PBXVariantGroup section */
		FF6A0E7A1FC46111001757A9 /* Main.storyboard */ = {
			isa = PBXVariantGroup;
			children = (
				FF6A0E7B1FC46111001757A9 /* Base */,
			);
			name = Main.storyboard;
			sourceTree = "<group>";
		};
		FF6A0E7F1FC46111001757A9 /* LaunchScreen.storyboard */ = {
			isa = PBXVariantGroup;
			children = (
				FF6A0E801FC46111001757A9 /* Base */,
			);
			name = LaunchScreen.storyboard;
			sourceTree = "<group>";
		};
/* End PBXVariantGroup section */

/* Begin XCBuildConfiguration section */
		FF6A0E991FC46111001757A9 /* Debug */ = {
			isa = XCBuildConfiguration;
			buildSettings = {
				ALWAYS_SEARCH_USER_PATHS = NO;
				CLANG_ANALYZER_NONNULL = YES;
				CLANG_ANALYZER_NUMBER_OBJECT_CONVERSION = YES_AGGRESSIVE;
				CLANG_CXX_LANGUAGE_STANDARD = "gnu++14";
				CLANG_CXX_LIBRARY = "libc++";
				CLANG_ENABLE_MODULES = YES;
				CLANG_ENABLE_OBJC_ARC = YES;
				CLANG_WARN_BLOCK_CAPTURE_AUTORELEASING = YES;
				CLANG_WARN_BOOL_CONVERSION = YES;
				CLANG_WARN_COMMA = YES;
				CLANG_WARN_CONSTANT_CONVERSION = YES;
				CLANG_WARN_DIRECT_OBJC_ISA_USAGE = YES_ERROR;
				CLANG_WARN_DOCUMENTATION_COMMENTS = YES;
				CLANG_WARN_EMPTY_BODY = YES;
				CLANG_WARN_ENUM_CONVERSION = YES;
				CLANG_WARN_INFINITE_RECURSION = YES;
				CLANG_WARN_INT_CONVERSION = YES;
				CLANG_WARN_NON_LITERAL_NULL_CONVERSION = YES;
				CLANG_WARN_OBJC_LITERAL_CONVERSION = YES;
				CLANG_WARN_OBJC_ROOT_CLASS = YES_ERROR;
				CLANG_WARN_RANGE_LOOP_ANALYSIS = YES;
				CLANG_WARN_STRICT_PROTOTYPES = YES;
				CLANG_WARN_SUSPICIOUS_MOVE = YES;
				CLANG_WARN_UNGUARDED_AVAILABILITY = YES_AGGRESSIVE;
				CLANG_WARN_UNREACHABLE_CODE = YES;
				CLANG_WARN__DUPLICATE_METHOD_MATCH = YES;
				CODE_SIGN_IDENTITY = "iPhone Developer";
				COPY_PHASE_STRIP = NO;
				DEBUG_INFORMATION_FORMAT = dwarf;
				ENABLE_STRICT_OBJC_MSGSEND = YES;
				ENABLE_TESTABILITY = YES;
				GCC_C_LANGUAGE_STANDARD = gnu11;
				GCC_DYNAMIC_NO_PIC = NO;
				GCC_NO_COMMON_BLOCKS = YES;
				GCC_OPTIMIZATION_LEVEL = 0;
				GCC_PREPROCESSOR_DEFINITIONS = (
					"DEBUG=1",
					"$(inherited)",
				);
				GCC_WARN_64_TO_32_BIT_CONVERSION = YES;
				GCC_WARN_ABOUT_RETURN_TYPE = YES_ERROR;
				GCC_WARN_UNDECLARED_SELECTOR = YES;
				GCC_WARN_UNINITIALIZED_AUTOS = YES_AGGRESSIVE;
				GCC_WARN_UNUSED_FUNCTION = YES;
				GCC_WARN_UNUSED_VARIABLE = YES;
				IPHONEOS_DEPLOYMENT_TARGET = 11.1;
				MTL_ENABLE_DEBUG_INFO = YES;
				ONLY_ACTIVE_ARCH = YES;
				SDKROOT = iphoneos;
				SWIFT_ACTIVE_COMPILATION_CONDITIONS = DEBUG;
				SWIFT_OPTIMIZATION_LEVEL = "-Onone";
			};
			name = Debug;
		};
		FF6A0E9A1FC46111001757A9 /* Release */ = {
			isa = XCBuildConfiguration;
			buildSettings = {
				ALWAYS_SEARCH_USER_PATHS = NO;
				CLANG_ANALYZER_NONNULL = YES;
				CLANG_ANALYZER_NUMBER_OBJECT_CONVERSION = YES_AGGRESSIVE;
				CLANG_CXX_LANGUAGE_STANDARD = "gnu++14";
				CLANG_CXX_LIBRARY = "libc++";
				CLANG_ENABLE_MODULES = YES;
				CLANG_ENABLE_OBJC_ARC = YES;
				CLANG_WARN_BLOCK_CAPTURE_AUTORELEASING = YES;
				CLANG_WARN_BOOL_CONVERSION = YES;
				CLANG_WARN_COMMA = YES;
				CLANG_WARN_CONSTANT_CONVERSION = YES;
				CLANG_WARN_DIRECT_OBJC_ISA_USAGE = YES_ERROR;
				CLANG_WARN_DOCUMENTATION_COMMENTS = YES;
				CLANG_WARN_EMPTY_BODY = YES;
				CLANG_WARN_ENUM_CONVERSION = YES;
				CLANG_WARN_INFINITE_RECURSION = YES;
				CLANG_WARN_INT_CONVERSION = YES;
				CLANG_WARN_NON_LITERAL_NULL_CONVERSION = YES;
				CLANG_WARN_OBJC_LITERAL_CONVERSION = YES;
				CLANG_WARN_OBJC_ROOT_CLASS = YES_ERROR;
				CLANG_WARN_RANGE_LOOP_ANALYSIS = YES;
				CLANG_WARN_STRICT_PROTOTYPES = YES;
				CLANG_WARN_SUSPICIOUS_MOVE = YES;
				CLANG_WARN_UNGUARDED_AVAILABILITY = YES_AGGRESSIVE;
				CLANG_WARN_UNREACHABLE_CODE = YES;
				CLANG_WARN__DUPLICATE_METHOD_MATCH = YES;
				CODE_SIGN_IDENTITY = "iPhone Developer";
				COPY_PHASE_STRIP = NO;
				DEBUG_INFORMATION_FORMAT = "dwarf-with-dsym";
				ENABLE_NS_ASSERTIONS = NO;
				ENABLE_STRICT_OBJC_MSGSEND = YES;
				GCC_C_LANGUAGE_STANDARD = gnu11;
				GCC_NO_COMMON_BLOCKS = YES;
				GCC_WARN_64_TO_32_BIT_CONVERSION = YES;
				GCC_WARN_ABOUT_RETURN_TYPE = YES_ERROR;
				GCC_WARN_UNDECLARED_SELECTOR = YES;
				GCC_WARN_UNINITIALIZED_AUTOS = YES_AGGRESSIVE;
				GCC_WARN_UNUSED_FUNCTION = YES;
				GCC_WARN_UNUSED_VARIABLE = YES;
				IPHONEOS_DEPLOYMENT_TARGET = 11.1;
				MTL_ENABLE_DEBUG_INFO = NO;
				SDKROOT = iphoneos;
				SWIFT_OPTIMIZATION_LEVEL = "-Owholemodule";
				VALIDATE_PRODUCT = YES;
			};
			name = Release;
		};
		FF6A0E9C1FC46111001757A9 /* Debug */ = {
			isa = XCBuildConfiguration;
			buildSettings = {
				ASSETCATALOG_COMPILER_APPICON_NAME = AppIcon;
				CODE_SIGN_STYLE = Automatic;
				DEVELOPMENT_TEAM = A3F6492EW5;
				INFOPLIST_FILE = Presentation/Info.plist;
				LD_RUNPATH_SEARCH_PATHS = "$(inherited) @executable_path/Frameworks";
				PRODUCT_BUNDLE_IDENTIFIER = com.simonegaruglieri.Presentation;
				PRODUCT_NAME = "$(TARGET_NAME)";
				SWIFT_VERSION = 4.0;
				TARGETED_DEVICE_FAMILY = "1,2";
			};
			name = Debug;
		};
		FF6A0E9D1FC46111001757A9 /* Release */ = {
			isa = XCBuildConfiguration;
			buildSettings = {
				ASSETCATALOG_COMPILER_APPICON_NAME = AppIcon;
				CODE_SIGN_STYLE = Automatic;
				DEVELOPMENT_TEAM = A3F6492EW5;
				INFOPLIST_FILE = Presentation/Info.plist;
				LD_RUNPATH_SEARCH_PATHS = "$(inherited) @executable_path/Frameworks";
				PRODUCT_BUNDLE_IDENTIFIER = com.simonegaruglieri.Presentation;
				PRODUCT_NAME = "$(TARGET_NAME)";
				SWIFT_VERSION = 4.0;
				TARGETED_DEVICE_FAMILY = "1,2";
			};
			name = Release;
		};
		FF6A0E9F1FC46111001757A9 /* Debug */ = {
			isa = XCBuildConfiguration;
			buildSettings = {
				ALWAYS_EMBED_SWIFT_STANDARD_LIBRARIES = YES;
				BUNDLE_LOADER = "$(TEST_HOST)";
				CODE_SIGN_STYLE = Automatic;
				DEVELOPMENT_TEAM = A3F6492EW5;
				INFOPLIST_FILE = PresentationTests/Info.plist;
				LD_RUNPATH_SEARCH_PATHS = "$(inherited) @executable_path/Frameworks @loader_path/Frameworks";
				PRODUCT_BUNDLE_IDENTIFIER = com.simonegaruglieri.PresentationTests;
				PRODUCT_NAME = "$(TARGET_NAME)";
				SWIFT_VERSION = 4.0;
				TARGETED_DEVICE_FAMILY = "1,2";
				TEST_HOST = "$(BUILT_PRODUCTS_DIR)/Presentation.app/Presentation";
			};
			name = Debug;
		};
		FF6A0EA01FC46111001757A9 /* Release */ = {
			isa = XCBuildConfiguration;
			buildSettings = {
				ALWAYS_EMBED_SWIFT_STANDARD_LIBRARIES = YES;
				BUNDLE_LOADER = "$(TEST_HOST)";
				CODE_SIGN_STYLE = Automatic;
				DEVELOPMENT_TEAM = A3F6492EW5;
				INFOPLIST_FILE = PresentationTests/Info.plist;
				LD_RUNPATH_SEARCH_PATHS = "$(inherited) @executable_path/Frameworks @loader_path/Frameworks";
				PRODUCT_BUNDLE_IDENTIFIER = com.simonegaruglieri.PresentationTests;
				PRODUCT_NAME = "$(TARGET_NAME)";
				SWIFT_VERSION = 4.0;
				TARGETED_DEVICE_FAMILY = "1,2";
				TEST_HOST = "$(BUILT_PRODUCTS_DIR)/Presentation.app/Presentation";
			};
			name = Release;
		};
		FF6A0EA21FC46111001757A9 /* Debug */ = {
			isa = XCBuildConfiguration;
			buildSettings = {
				ALWAYS_EMBED_SWIFT_STANDARD_LIBRARIES = YES;
				CODE_SIGN_STYLE = Automatic;
				DEVELOPMENT_TEAM = A3F6492EW5;
				INFOPLIST_FILE = PresentationUITests/Info.plist;
				LD_RUNPATH_SEARCH_PATHS = "$(inherited) @executable_path/Frameworks @loader_path/Frameworks";
				PRODUCT_BUNDLE_IDENTIFIER = com.simonegaruglieri.PresentationUITests;
				PRODUCT_NAME = "$(TARGET_NAME)";
				SWIFT_VERSION = 4.0;
				TARGETED_DEVICE_FAMILY = "1,2";
				TEST_TARGET_NAME = Presentation;
			};
			name = Debug;
		};
		FF6A0EA31FC46111001757A9 /* Release */ = {
			isa = XCBuildConfiguration;
			buildSettings = {
				ALWAYS_EMBED_SWIFT_STANDARD_LIBRARIES = YES;
				CODE_SIGN_STYLE = Automatic;
				DEVELOPMENT_TEAM = A3F6492EW5;
				INFOPLIST_FILE = PresentationUITests/Info.plist;
				LD_RUNPATH_SEARCH_PATHS = "$(inherited) @executable_path/Frameworks @loader_path/Frameworks";
				PRODUCT_BUNDLE_IDENTIFIER = com.simonegaruglieri.PresentationUITests;
				PRODUCT_NAME = "$(TARGET_NAME)";
				SWIFT_VERSION = 4.0;
				TARGETED_DEVICE_FAMILY = "1,2";
				TEST_TARGET_NAME = Presentation;
			};
			name = Release;
		};
/* End XCBuildConfiguration section */

/* Begin XCConfigurationList section */
		FF6A0E6E1FC46111001757A9 /* Build configuration list for PBXProject "Presentation" */ = {
			isa = XCConfigurationList;
			buildConfigurations = (
				FF6A0E991FC46111001757A9 /* Debug */,
				FF6A0E9A1FC46111001757A9 /* Release */,
			);
			defaultConfigurationIsVisible = 0;
			defaultConfigurationName = Release;
		};
		FF6A0E9B1FC46111001757A9 /* Build configuration list for PBXNativeTarget "Presentation" */ = {
			isa = XCConfigurationList;
			buildConfigurations = (
				FF6A0E9C1FC46111001757A9 /* Debug */,
				FF6A0E9D1FC46111001757A9 /* Release */,
			);
			defaultConfigurationIsVisible = 0;
			defaultConfigurationName = Release;
		};
		FF6A0E9E1FC46111001757A9 /* Build configuration list for PBXNativeTarget "PresentationTests" */ = {
			isa = XCConfigurationList;
			buildConfigurations = (
				FF6A0E9F1FC46111001757A9 /* Debug */,
				FF6A0EA01FC46111001757A9 /* Release */,
			);
			defaultConfigurationIsVisible = 0;
			defaultConfigurationName = Release;
		};
		FF6A0EA11FC46111001757A9 /* Build configuration list for PBXNativeTarget "PresentationUITests" */ = {
			isa = XCConfigurationList;
			buildConfigurations = (
				FF6A0EA21FC46111001757A9 /* Debug */,
				FF6A0EA31FC46111001757A9 /* Release */,
			);
			defaultConfigurationIsVisible = 0;
			defaultConfigurationName = Release;
		};
/* End XCConfigurationList section */
	};
	rootObject = FF6A0E6B1FC46111001757A9 /* Project object */;
}
